// !$*UTF8*$!
{
	archiveVersion = 1;
	classes = {
	};
	objectVersion = 56;
	objects = {

/* Begin PBXBuildFile section */
		AC05D5A22AB3D94400C99836 /* AppDelegate.swift in Sources */ = {isa = PBXBuildFile; fileRef = AC05D5A12AB3D94400C99836 /* AppDelegate.swift */; };
		AC05D5A42AB3D94400C99836 /* SceneDelegate.swift in Sources */ = {isa = PBXBuildFile; fileRef = AC05D5A32AB3D94400C99836 /* SceneDelegate.swift */; };
		AC05D5A62AB3D94400C99836 /* ViewController.swift in Sources */ = {isa = PBXBuildFile; fileRef = AC05D5A52AB3D94400C99836 /* ViewController.swift */; };
		AC05D5A92AB3D94400C99836 /* Main.storyboard in Resources */ = {isa = PBXBuildFile; fileRef = AC05D5A72AB3D94400C99836 /* Main.storyboard */; };
		AC05D5AC2AB3D94400C99836 /* HoppingThrougTime.xcdatamodeld in Sources */ = {isa = PBXBuildFile; fileRef = AC05D5AA2AB3D94400C99836 /* HoppingThrougTime.xcdatamodeld */; };
		AC05D5AE2AB3D94700C99836 /* Assets.xcassets in Resources */ = {isa = PBXBuildFile; fileRef = AC05D5AD2AB3D94700C99836 /* Assets.xcassets */; };
		AC05D5B12AB3D94700C99836 /* LaunchScreen.storyboard in Resources */ = {isa = PBXBuildFile; fileRef = AC05D5AF2AB3D94700C99836 /* LaunchScreen.storyboard */; };
		AC05D5B92AB3E4DC00C99836 /* JogadoresTableViewController.swift in Sources */ = {isa = PBXBuildFile; fileRef = AC05D5B82AB3E4DC00C99836 /* JogadoresTableViewController.swift */; };
/* End PBXBuildFile section */

/* Begin PBXFileReference section */
		AC05D59E2AB3D94400C99836 /* HoppingThrougTime.app */ = {isa = PBXFileReference; explicitFileType = wrapper.application; includeInIndex = 0; path = HoppingThrougTime.app; sourceTree = BUILT_PRODUCTS_DIR; };
		AC05D5A12AB3D94400C99836 /* AppDelegate.swift */ = {isa = PBXFileReference; lastKnownFileType = sourcecode.swift; path = AppDelegate.swift; sourceTree = "<group>"; };
		AC05D5A32AB3D94400C99836 /* SceneDelegate.swift */ = {isa = PBXFileReference; lastKnownFileType = sourcecode.swift; path = SceneDelegate.swift; sourceTree = "<group>"; };
		AC05D5A52AB3D94400C99836 /* ViewController.swift */ = {isa = PBXFileReference; lastKnownFileType = sourcecode.swift; path = ViewController.swift; sourceTree = "<group>"; };
		AC05D5A82AB3D94400C99836 /* Base */ = {isa = PBXFileReference; lastKnownFileType = file.storyboard; name = Base; path = Base.lproj/Main.storyboard; sourceTree = "<group>"; };
		AC05D5AB2AB3D94400C99836 /* HoppingThrougTime.xcdatamodel */ = {isa = PBXFileReference; lastKnownFileType = wrapper.xcdatamodel; path = HoppingThrougTime.xcdatamodel; sourceTree = "<group>"; };
		AC05D5AD2AB3D94700C99836 /* Assets.xcassets */ = {isa = PBXFileReference; lastKnownFileType = folder.assetcatalog; path = Assets.xcassets; sourceTree = "<group>"; };
		AC05D5B02AB3D94700C99836 /* Base */ = {isa = PBXFileReference; lastKnownFileType = file.storyboard; name = Base; path = Base.lproj/LaunchScreen.storyboard; sourceTree = "<group>"; };
		AC05D5B22AB3D94700C99836 /* Info.plist */ = {isa = PBXFileReference; lastKnownFileType = text.plist.xml; path = Info.plist; sourceTree = "<group>"; };
		AC05D5B82AB3E4DC00C99836 /* JogadoresTableViewController.swift */ = {isa = PBXFileReference; lastKnownFileType = sourcecode.swift; path = JogadoresTableViewController.swift; sourceTree = "<group>"; };
/* End PBXFileReference section */

/* Begin PBXFrameworksBuildPhase section */
		AC05D59B2AB3D94400C99836 /* Frameworks */ = {
			isa = PBXFrameworksBuildPhase;
			buildActionMask = 2147483647;
			files = (
			);
			runOnlyForDeploymentPostprocessing = 0;
		};
/* End PBXFrameworksBuildPhase section */

/* Begin PBXGroup section */
		AC05D5952AB3D94400C99836 = {
			isa = PBXGroup;
			children = (
				AC05D5A02AB3D94400C99836 /* HoppingThrougTime */,
				AC05D59F2AB3D94400C99836 /* Products */,
			);
			sourceTree = "<group>";
		};
		AC05D59F2AB3D94400C99836 /* Products */ = {
			isa = PBXGroup;
			children = (
				AC05D59E2AB3D94400C99836 /* HoppingThrougTime.app */,
			);
			name = Products;
			sourceTree = "<group>";
		};
		AC05D5A02AB3D94400C99836 /* HoppingThrougTime */ = {
			isa = PBXGroup;
			children = (
				AC05D5A12AB3D94400C99836 /* AppDelegate.swift */,
				AC05D5A32AB3D94400C99836 /* SceneDelegate.swift */,
				AC05D5A52AB3D94400C99836 /* ViewController.swift */,
				AC05D5A72AB3D94400C99836 /* Main.storyboard */,
				AC05D5B82AB3E4DC00C99836 /* JogadoresTableViewController.swift */,
				AC05D5AD2AB3D94700C99836 /* Assets.xcassets */,
				AC05D5AF2AB3D94700C99836 /* LaunchScreen.storyboard */,
				AC05D5B22AB3D94700C99836 /* Info.plist */,
				AC05D5AA2AB3D94400C99836 /* HoppingThrougTime.xcdatamodeld */,
			);
			path = HoppingThrougTime;
			sourceTree = "<group>";
		};
/* End PBXGroup section */

/* Begin PBXNativeTarget section */
		AC05D59D2AB3D94400C99836 /* HoppingThrougTime */ = {
			isa = PBXNativeTarget;
			buildConfigurationList = AC05D5B52AB3D94700C99836 /* Build configuration list for PBXNativeTarget "HoppingThrougTime" */;
			buildPhases = (
				AC05D59A2AB3D94400C99836 /* Sources */,
				AC05D59B2AB3D94400C99836 /* Frameworks */,
				AC05D59C2AB3D94400C99836 /* Resources */,
			);
			buildRules = (
			);
			dependencies = (
			);
			name = HoppingThrougTime;
			productName = HoppingThrougTime;
			productReference = AC05D59E2AB3D94400C99836 /* HoppingThrougTime.app */;
			productType = "com.apple.product-type.application";
		};
/* End PBXNativeTarget section */

/* Begin PBXProject section */
		AC05D5962AB3D94400C99836 /* Project object */ = {
			isa = PBXProject;
			attributes = {
				BuildIndependentTargetsInParallel = 1;
				LastSwiftUpdateCheck = 1430;
				LastUpgradeCheck = 1430;
				TargetAttributes = {
					AC05D59D2AB3D94400C99836 = {
						CreatedOnToolsVersion = 14.3.1;
					};
				};
			};
			buildConfigurationList = AC05D5992AB3D94400C99836 /* Build configuration list for PBXProject "HoppingThrougTime" */;
			compatibilityVersion = "Xcode 14.0";
			developmentRegion = en;
			hasScannedForEncodings = 0;
			knownRegions = (
				en,
				Base,
			);
			mainGroup = AC05D5952AB3D94400C99836;
			productRefGroup = AC05D59F2AB3D94400C99836 /* Products */;
			projectDirPath = "";
			projectRoot = "";
			targets = (
				AC05D59D2AB3D94400C99836 /* HoppingThrougTime */,
			);
		};
/* End PBXProject section */

/* Begin PBXResourcesBuildPhase section */
		AC05D59C2AB3D94400C99836 /* Resources */ = {
			isa = PBXResourcesBuildPhase;
			buildActionMask = 2147483647;
			files = (
				AC05D5B12AB3D94700C99836 /* LaunchScreen.storyboard in Resources */,
				AC05D5AE2AB3D94700C99836 /* Assets.xcassets in Resources */,
				AC05D5A92AB3D94400C99836 /* Main.storyboard in Resources */,
			);
			runOnlyForDeploymentPostprocessing = 0;
		};
/* End PBXResourcesBuildPhase section */

/* Begin PBXSourcesBuildPhase section */
		AC05D59A2AB3D94400C99836 /* Sources */ = {
			isa = PBXSourcesBuildPhase;
			buildActionMask = 2147483647;
			files = (
				AC05D5A62AB3D94400C99836 /* ViewController.swift in Sources */,
				AC05D5A22AB3D94400C99836 /* AppDelegate.swift in Sources */,
				AC05D5B92AB3E4DC00C99836 /* JogadoresTableViewController.swift in Sources */,
				AC05D5A42AB3D94400C99836 /* SceneDelegate.swift in Sources */,
				AC05D5AC2AB3D94400C99836 /* HoppingThrougTime.xcdatamodeld in Sources */,
			);
			runOnlyForDeploymentPostprocessing = 0;
		};
/* End PBXSourcesBuildPhase section */

/* Begin PBXVariantGroup section */
		AC05D5A72AB3D94400C99836 /* Main.storyboard */ = {
			isa = PBXVariantGroup;
			children = (
				AC05D5A82AB3D94400C99836 /* Base */,
			);
			name = Main.storyboard;
			sourceTree = "<group>";
		};
		AC05D5AF2AB3D94700C99836 /* LaunchScreen.storyboard */ = {
			isa = PBXVariantGroup;
			children = (
				AC05D5B02AB3D94700C99836 /* Base */,
			);
			name = LaunchScreen.storyboard;
			sourceTree = "<group>";
		};
/* End PBXVariantGroup section */

/* Begin XCBuildConfiguration section */
		AC05D5B32AB3D94700C99836 /* Debug */ = {
			isa = XCBuildConfiguration;
			buildSettings = {
				ALWAYS_SEARCH_USER_PATHS = NO;
				CLANG_ANALYZER_NONNULL = YES;
				CLANG_ANALYZER_NUMBER_OBJECT_CONVERSION = YES_AGGRESSIVE;
				CLANG_CXX_LANGUAGE_STANDARD = "gnu++20";
				CLANG_ENABLE_MODULES = YES;
				CLANG_ENABLE_OBJC_ARC = YES;
				CLANG_ENABLE_OBJC_WEAK = YES;
				CLANG_WARN_BLOCK_CAPTURE_AUTORELEASING = YES;
				CLANG_WARN_BOOL_CONVERSION = YES;
				CLANG_WARN_COMMA = YES;
				CLANG_WARN_CONSTANT_CONVERSION = YES;
				CLANG_WARN_DEPRECATED_OBJC_IMPLEMENTATIONS = YES;
				CLANG_WARN_DIRECT_OBJC_ISA_USAGE = YES_ERROR;
				CLANG_WARN_DOCUMENTATION_COMMENTS = YES;
				CLANG_WARN_EMPTY_BODY = YES;
				CLANG_WARN_ENUM_CONVERSION = YES;
				CLANG_WARN_INFINITE_RECURSION = YES;
				CLANG_WARN_INT_CONVERSION = YES;
				CLANG_WARN_NON_LITERAL_NULL_CONVERSION = YES;
				CLANG_WARN_OBJC_IMPLICIT_RETAIN_SELF = YES;
				CLANG_WARN_OBJC_LITERAL_CONVERSION = YES;
				CLANG_WARN_OBJC_ROOT_CLASS = YES_ERROR;
				CLANG_WARN_QUOTED_INCLUDE_IN_FRAMEWORK_HEADER = YES;
				CLANG_WARN_RANGE_LOOP_ANALYSIS = YES;
				CLANG_WARN_STRICT_PROTOTYPES = YES;
				CLANG_WARN_SUSPICIOUS_MOVE = YES;
				CLANG_WARN_UNGUARDED_AVAILABILITY = YES_AGGRESSIVE;
				CLANG_WARN_UNREACHABLE_CODE = YES;
				CLANG_WARN__DUPLICATE_METHOD_MATCH = YES;
				COPY_PHASE_STRIP = NO;
				DEBUG_INFORMATION_FORMAT = dwarf;
				ENABLE_STRICT_OBJC_MSGSEND = YES;
				ENABLE_TESTABILITY = YES;
				GCC_C_LANGUAGE_STANDARD = gnu11;
				GCC_DYNAMIC_NO_PIC = NO;
				GCC_NO_COMMON_BLOCKS = YES;
				GCC_OPTIMIZATION_LEVEL = 0;
				GCC_PREPROCESSOR_DEFINITIONS = (
					"DEBUG=1",
					"$(inherited)",
				);
				GCC_WARN_64_TO_32_BIT_CONVERSION = YES;
				GCC_WARN_ABOUT_RETURN_TYPE = YES_ERROR;
				GCC_WARN_UNDECLARED_SELECTOR = YES;
				GCC_WARN_UNINITIALIZED_AUTOS = YES_AGGRESSIVE;
				GCC_WARN_UNUSED_FUNCTION = YES;
				GCC_WARN_UNUSED_VARIABLE = YES;
				IPHONEOS_DEPLOYMENT_TARGET = 16.4;
				MTL_ENABLE_DEBUG_INFO = INCLUDE_SOURCE;
				MTL_FAST_MATH = YES;
				ONLY_ACTIVE_ARCH = YES;
				SDKROOT = iphoneos;
				SWIFT_ACTIVE_COMPILATION_CONDITIONS = DEBUG;
				SWIFT_OPTIMIZATION_LEVEL = "-Onone";
			};
			name = Debug;
		};
		AC05D5B42AB3D94700C99836 /* Release */ = {
			isa = XCBuildConfiguration;
			buildSettings = {
				ALWAYS_SEARCH_USER_PATHS = NO;
				CLANG_ANALYZER_NONNULL = YES;
				CLANG_ANALYZER_NUMBER_OBJECT_CONVERSION = YES_AGGRESSIVE;
				CLANG_CXX_LANGUAGE_STANDARD = "gnu++20";
				CLANG_ENABLE_MODULES = YES;
				CLANG_ENABLE_OBJC_ARC = YES;
				CLANG_ENABLE_OBJC_WEAK = YES;
				CLANG_WARN_BLOCK_CAPTURE_AUTORELEASING = YES;
				CLANG_WARN_BOOL_CONVERSION = YES;
				CLANG_WARN_COMMA = YES;
				CLANG_WARN_CONSTANT_CONVERSION = YES;
				CLANG_WARN_DEPRECATED_OBJC_IMPLEMENTATIONS = YES;
				CLANG_WARN_DIRECT_OBJC_ISA_USAGE = YES_ERROR;
				CLANG_WARN_DOCUMENTATION_COMMENTS = YES;
				CLANG_WARN_EMPTY_BODY = YES;
				CLANG_WARN_ENUM_CONVERSION = YES;
				CLANG_WARN_INFINITE_RECURSION = YES;
				CLANG_WARN_INT_CONVERSION = YES;
				CLANG_WARN_NON_LITERAL_NULL_CONVERSION = YES;
				CLANG_WARN_OBJC_IMPLICIT_RETAIN_SELF = YES;
				CLANG_WARN_OBJC_LITERAL_CONVERSION = YES;
				CLANG_WARN_OBJC_ROOT_CLASS = YES_ERROR;
				CLANG_WARN_QUOTED_INCLUDE_IN_FRAMEWORK_HEADER = YES;
				CLANG_WARN_RANGE_LOOP_ANALYSIS = YES;
				CLANG_WARN_STRICT_PROTOTYPES = YES;
				CLANG_WARN_SUSPICIOUS_MOVE = YES;
				CLANG_WARN_UNGUARDED_AVAILABILITY = YES_AGGRESSIVE;
				CLANG_WARN_UNREACHABLE_CODE = YES;
				CLANG_WARN__DUPLICATE_METHOD_MATCH = YES;
				COPY_PHASE_STRIP = NO;
				DEBUG_INFORMATION_FORMAT = "dwarf-with-dsym";
				ENABLE_NS_ASSERTIONS = NO;
				ENABLE_STRICT_OBJC_MSGSEND = YES;
				GCC_C_LANGUAGE_STANDARD = gnu11;
				GCC_NO_COMMON_BLOCKS = YES;
				GCC_WARN_64_TO_32_BIT_CONVERSION = YES;
				GCC_WARN_ABOUT_RETURN_TYPE = YES_ERROR;
				GCC_WARN_UNDECLARED_SELECTOR = YES;
				GCC_WARN_UNINITIALIZED_AUTOS = YES_AGGRESSIVE;
				GCC_WARN_UNUSED_FUNCTION = YES;
				GCC_WARN_UNUSED_VARIABLE = YES;
				IPHONEOS_DEPLOYMENT_TARGET = 16.4;
				MTL_ENABLE_DEBUG_INFO = NO;
				MTL_FAST_MATH = YES;
				SDKROOT = iphoneos;
				SWIFT_COMPILATION_MODE = wholemodule;
				SWIFT_OPTIMIZATION_LEVEL = "-O";
				VALIDATE_PRODUCT = YES;
			};
			name = Release;
		};
		AC05D5B62AB3D94700C99836 /* Debug */ = {
			isa = XCBuildConfiguration;
			buildSettings = {
				ASSETCATALOG_COMPILER_APPICON_NAME = AppIcon;
				ASSETCATALOG_COMPILER_GLOBAL_ACCENT_COLOR_NAME = AccentColor;
				CODE_SIGN_STYLE = Automatic;
				CURRENT_PROJECT_VERSION = 1;
				GENERATE_INFOPLIST_FILE = YES;
				INFOPLIST_FILE = HoppingThrougTime/Info.plist;
				INFOPLIST_KEY_UIApplicationSupportsIndirectInputEvents = YES;
				INFOPLIST_KEY_UILaunchStoryboardName = LaunchScreen;
				INFOPLIST_KEY_UIMainStoryboardFile = Main;
				INFOPLIST_KEY_UISupportedInterfaceOrientations_iPad = "UIInterfaceOrientationPortrait UIInterfaceOrientationPortraitUpsideDown UIInterfaceOrientationLandscapeLeft UIInterfaceOrientationLandscapeRight";
				INFOPLIST_KEY_UISupportedInterfaceOrientations_iPhone = "UIInterfaceOrientationPortrait UIInterfaceOrientationLandscapeLeft UIInterfaceOrientationLandscapeRight";
				LD_RUNPATH_SEARCH_PATHS = (
					"$(inherited)",
					"@executable_path/Frameworks",
				);
				MARKETING_VERSION = 1.0;
				PRODUCT_BUNDLE_IDENTIFIER = br.com.WLPB.HoppingThrougTime;
				PRODUCT_NAME = "$(TARGET_NAME)";
				SWIFT_EMIT_LOC_STRINGS = YES;
				SWIFT_VERSION = 5.0;
				TARGETED_DEVICE_FAMILY = "1,2";
			};
			name = Debug;
		};
		AC05D5B72AB3D94700C99836 /* Release */ = {
			isa = XCBuildConfiguration;
			buildSettings = {
				ASSETCATALOG_COMPILER_APPICON_NAME = AppIcon;
				ASSETCATALOG_COMPILER_GLOBAL_ACCENT_COLOR_NAME = AccentColor;
				CODE_SIGN_STYLE = Automatic;
				CURRENT_PROJECT_VERSION = 1;
				GENERATE_INFOPLIST_FILE = YES;
				INFOPLIST_FILE = HoppingThrougTime/Info.plist;
				INFOPLIST_KEY_UIApplicationSupportsIndirectInputEvents = YES;
				INFOPLIST_KEY_UILaunchStoryboardName = LaunchScreen;
				INFOPLIST_KEY_UIMainStoryboardFile = Main;
				INFOPLIST_KEY_UISupportedInterfaceOrientations_iPad = "UIInterfaceOrientationPortrait UIInterfaceOrientationPortraitUpsideDown UIInterfaceOrientationLandscapeLeft UIInterfaceOrientationLandscapeRight";
				INFOPLIST_KEY_UISupportedInterfaceOrientations_iPhone = "UIInterfaceOrientationPortrait UIInterfaceOrientationLandscapeLeft UIInterfaceOrientationLandscapeRight";
				LD_RUNPATH_SEARCH_PATHS = (
					"$(inherited)",
					"@executable_path/Frameworks",
				);
				MARKETING_VERSION = 1.0;
				PRODUCT_BUNDLE_IDENTIFIER = br.com.WLPB.HoppingThrougTime;
				PRODUCT_NAME = "$(TARGET_NAME)";
				SWIFT_EMIT_LOC_STRINGS = YES;
				SWIFT_VERSION = 5.0;
				TARGETED_DEVICE_FAMILY = "1,2";
			};
			name = Release;
		};
/* End XCBuildConfiguration section */

/* Begin XCConfigurationList section */
		AC05D5992AB3D94400C99836 /* Build configuration list for PBXProject "HoppingThrougTime" */ = {
			isa = XCConfigurationList;
			buildConfigurations = (
				AC05D5B32AB3D94700C99836 /* Debug */,
				AC05D5B42AB3D94700C99836 /* Release */,
			);
			defaultConfigurationIsVisible = 0;
			defaultConfigurationName = Release;
		};
		AC05D5B52AB3D94700C99836 /* Build configuration list for PBXNativeTarget "HoppingThrougTime" */ = {
			isa = XCConfigurationList;
			buildConfigurations = (
				AC05D5B62AB3D94700C99836 /* Debug */,
				AC05D5B72AB3D94700C99836 /* Release */,
			);
			defaultConfigurationIsVisible = 0;
			defaultConfigurationName = Release;
		};
/* End XCConfigurationList section */

/* Begin XCVersionGroup section */
		AC05D5AA2AB3D94400C99836 /* HoppingThrougTime.xcdatamodeld */ = {
			isa = XCVersionGroup;
			children = (
				AC05D5AB2AB3D94400C99836 /* HoppingThrougTime.xcdatamodel */,
			);
			currentVersion = AC05D5AB2AB3D94400C99836 /* HoppingThrougTime.xcdatamodel */;
			path = HoppingThrougTime.xcdatamodeld;
			sourceTree = "<group>";
			versionGroupType = wrapper.xcdatamodel;
		};
/* End XCVersionGroup section */
	};
	rootObject = AC05D5962AB3D94400C99836 /* Project object */;
}
